{
  "version": "5",
  "specifiers": {
    "npm:@logtape/logtape@0.9": "0.9.2",
    "npm:@valibot/to-json-schema@1": "1.3.0_valibot@1.1.0",
    "npm:@vue/reactivity@^3.5.13": "3.5.16",
    "npm:devalue@^5.1.1": "5.1.1",
    "npm:es-toolkit@^1.39.3": "1.39.3",
    "npm:hono@^4.7.5": "4.7.11",
    "npm:jsonc-parser@^3.3.1": "3.3.1",
    "npm:node-notifier@^10.0.1": "10.0.1",
    "npm:powertoast@3": "3.0.0",
    "npm:semver@^7.7.1": "7.7.2",
    "npm:sift@^17.1.3": "17.1.3",
    "npm:tiny-jsonc@^1.0.2": "1.0.2",
    "npm:type-fest@^4.39.1": "4.41.0",
    "npm:valibot@1": "1.1.0"
  },
  "npm": {
    "@logtape/logtape@0.9.2": {
      "integrity": "sha512-ehmMe+Oe7ldApaAytWguHI5O74TVeCqWFdW5FYVfu7ytdcUzbO79qTFHBm2aoM0ELt7j1zSFcxqNCozxieCQCw=="
    },
    "@valibot/to-json-schema@1.3.0_valibot@1.1.0": {
      "integrity": "sha512-82Vv6x7sOYhv5YmTRgSppSqj1nn2pMCk5BqCMGWYp0V/fq+qirrbGncqZAtZ09/lrO40ne/7z8ejwE728aVreg==",
      "dependencies": [
        "valibot"
      ]
    },
    "@vue/reactivity@3.5.16": {
      "integrity": "sha512-FG5Q5ee/kxhIm1p2bykPpPwqiUBV3kFySsHEQha5BJvjXdZTUfmya7wP7zC39dFuZAcf/PD5S4Lni55vGLMhvA==",
      "dependencies": [
        "@vue/shared"
      ]
    },
    "@vue/shared@3.5.16": {
      "integrity": "sha512-c/0fWy3Jw6Z8L9FmTyYfkpM5zklnqqa9+a6dz3DvONRKW2NEbh46BP0FHuLFSWi2TnQEtp91Z6zOWNrU6QiyPg=="
    },
    "@xan105/error@1.7.1": {
      "integrity": "sha512-FYIUYijbmg62L9QQ5BsR14DuZatAJJvwo10yzuEDEsu8L0FAa4DZivWFAf66nYjEiSz50SFGtMxWSyG+y/ZGGw=="
    },
    "@xan105/fs@2.3.0": {
      "integrity": "sha512-9ibTdG8ZFYBn6rdBL3Dq+BikN2V1zxNXRGxWUUsBzA/zXazPSrEs4bURzURv5m6z+o6VzbKEu+prtLefJTntDQ==",
      "dependencies": [
        "@xan105/error",
        "@xan105/is"
      ]
    },
    "@xan105/is@2.10.1": {
      "integrity": "sha512-FKgDE2tSyJwvf+zIeAsN/f8l94CYhhu5LtkLhv/gYX1i5DnfGdCys0N+mxxTb1qMhWPw+ekHGcwflv0x8ATPJQ==",
      "dependencies": [
        "@xan105/error"
      ]
    },
    "devalue@5.1.1": {
      "integrity": "sha512-maua5KUiapvEwiEAe+XnlZ3Rh0GD+qI1J/nb9vrJc3muPXvcF/8gXYTWF76+5DAqHyDUtOIImEuo0YKE9mshVw=="
    },
    "es-toolkit@1.39.3": {
      "integrity": "sha512-Qb/TCFCldgOy8lZ5uC7nLGdqJwSabkQiYQShmw4jyiPk1pZzaYWTwaYKYP7EgLccWYgZocMrtItrwh683voaww=="
    },
    "growly@1.3.0": {
      "integrity": "sha512-+xGQY0YyAWCnqy7Cd++hc2JqMYzlm0dG30Jd0beaA64sROr8C4nt8Yc9V5Ro3avlSUDTN0ulqP/VBKi1/lLygw=="
    },
    "hono@4.7.11": {
      "integrity": "sha512-rv0JMwC0KALbbmwJDEnxvQCeJh+xbS3KEWW5PC9cMJ08Ur9xgatI0HmtgYZfOdOSOeYsp5LO2cOhdI8cLEbDEQ=="
    },
    "is-docker@2.2.1": {
      "integrity": "sha512-F+i2BKsFrH66iaUFc0woD8sLy8getkwTwtOBjvs56Cx4CgJDeKQeqfz8wAYiSb8JOprWhHH5p77PbmYCvvUuXQ==",
      "bin": true
    },
    "is-wsl@2.2.0": {
      "integrity": "sha512-fKzAra0rGJUUBwGBgNkHZuToZcn+TtXHpeCgmkMJMMYx1sQDYaCSyjJBSCa2nH1DGm7s3n1oBnohoVTBaN7Lww==",
      "dependencies": [
        "is-docker"
      ]
    },
    "isexe@2.0.0": {
      "integrity": "sha512-RHxMLp9lnKHGHRng9QFhRCMbYAcVpn69smSGcq3f36xjgVVWThj4qqLbTLlq7Ssj8B+fIQ1EuCEGI2lKsyQeIw=="
    },
    "jsonc-parser@3.3.1": {
      "integrity": "sha512-HUgH65KyejrUFPvHFPbqOY0rsFip3Bo5wb4ngvdi1EpCYWUQDC5V+Y7mZws+DLkr4M//zQJoanu1SP+87Dv1oQ=="
    },
    "node-notifier@10.0.1": {
      "integrity": "sha512-YX7TSyDukOZ0g+gmzjB6abKu+hTGvO8+8+gIFDsRCU2t8fLV/P2unmt+LGFaIa4y64aX98Qksa97rgz4vMNeLQ==",
      "dependencies": [
        "growly",
        "is-wsl",
        "semver",
        "shellwords",
        "uuid",
        "which"
      ]
    },
    "powertoast@3.0.0": {
      "integrity": "sha512-nlGnBkMchJS6P4uQgjROpzHs72WqgB6cYP7hDFACXOZUSu2lXgDqJ5fKt2B/53jO+UynVlbhAQHHQvSOLUAUmQ==",
      "dependencies": [
        "@xan105/error",
        "@xan105/fs",
        "@xan105/is"
      ]
    },
    "semver@7.7.2": {
      "integrity": "sha512-RF0Fw+rO5AMf9MAyaRXI4AV0Ulj5lMHqVxxdSgiVbixSCXoEmmX/jk0CuJw4+3SqroYO9VoUh+HcuJivvtJemA==",
      "bin": true
    },
    "shellwords@0.1.1": {
      "integrity": "sha512-vFwSUfQvqybiICwZY5+DAWIPLKsWO31Q91JSKl3UYv+K5c2QRPzn0qzec6QPu1Qc9eHYItiP3NdJqNVqetYAww=="
    },
    "sift@17.1.3": {
      "integrity": "sha512-Rtlj66/b0ICeFzYTuNvX/EF1igRbbnGSvEyT79McoZa/DeGhMyC5pWKOEsZKnpkqtSeovd5FL/bjHWC3CIIvCQ=="
    },
    "tiny-jsonc@1.0.2": {
      "integrity": "sha512-f5QDAfLq6zIVSyCZQZhhyl0QS6MvAyTxgz4X4x3+EoCktNWEYJ6PeoEA97fyb98njpBNNi88ybpD7m+BDFXaCw=="
    },
    "type-fest@4.41.0": {
      "integrity": "sha512-TeTSQ6H5YHvpqVwBRcnLDCBnDOHWYu7IvGbHT6N8AOymcr9PJGjc1GTtiWZTYg0NCgYwvnYWEkVChQAr9bjfwA=="
    },
    "uuid@8.3.2": {
      "integrity": "sha512-+NYs2QeMWy+GWFOEm9xnn6HCDp0l7QBD7ml8zLUmJ+93Q5NF0NocErnwkTkXVFNiX3/fpC6afS8Dhb/gz7R7eg==",
      "bin": true
    },
    "valibot@1.1.0": {
      "integrity": "sha512-Nk8lX30Qhu+9txPYTwM0cFlWLdPFsFr6LblzqIySfbZph9+BFsAHsNvHOymEviUepeIW6KFHzpX8TKhbptBXXw=="
    },
    "which@2.0.2": {
      "integrity": "sha512-BLI3Tl1TW3Pvl70l3yq3Y64i+awpwXqsGBYWkkqMtnbXgrMD+yj7rhW0kuEDxzJaYXGjEW5ogapKNMEKNMjibA==",
      "dependencies": [
        "isexe"
      ],
      "bin": true
    }
  },
  "workspace": {
    "dependencies": [
      "npm:@logtape/logtape@0.9",
      "npm:@valibot/to-json-schema@1",
      "npm:@vue/reactivity@^3.5.13",
      "npm:devalue@^5.1.1",
      "npm:es-toolkit@^1.39.3",
      "npm:hono@^4.7.5",
      "npm:jsonc-parser@^3.3.1",
      "npm:node-notifier@^10.0.1",
      "npm:powertoast@3",
      "npm:semver@^7.7.1",
      "npm:sift@^17.1.3",
      "npm:tiny-jsonc@^1.0.2",
      "npm:type-fest@^4.39.1",
      "npm:valibot@1"
    ]
  }
}
