{
  "version": "4",
  "specifiers": {
    "jsr:@logtape/file@*": "0.9.0",
    "jsr:@logtape/logtape@0.9": "0.9.0",
    "jsr:@std/cli@*": "1.0.12",
    "jsr:@svefro/win-console-window-state@*": "0.2.1",
    "npm:@chialab/esbuild-plugin-meta-url@~0.18.2": "0.18.2",
    "npm:@hono/node-server@^1.14.0": "1.14.1_hono@4.7.6",
    "npm:@logtape/file@*": "0.9.0",
    "npm:@logtape/logtape@0.9": "0.9.0",
    "npm:@tsconfig/node23@23": "23.0.1",
    "npm:@types/node-notifier@^8.0.5": "8.0.5",
    "npm:@types/node@*": "22.14.1",
    "npm:@types/node@^22.13.5": "22.14.1",
    "npm:@valibot/to-json-schema@1": "1.0.0_valibot@1.0.0",
    "npm:@vue/reactivity@^3.5.13": "3.5.13",
    "npm:devalue@^5.1.1": "5.1.1",
    "npm:hono@^4.7.5": "4.7.6",
    "npm:jsonc-parser@^3.3.1": "3.3.1",
    "npm:node-notifier@^10.0.1": "10.0.1",
    "npm:powertoast@3": "3.0.0",
    "npm:semver@^7.7.1": "7.7.1",
    "npm:sift@^17.1.3": "17.1.3",
    "npm:tiny-jsonc@^1.0.2": "1.0.2",
    "npm:type-fest@^4.39.1": "4.39.1",
    "npm:valibot@1": "1.0.0"
  },
  "jsr": {
    "@logtape/file@0.9.0": {
      "integrity": "bad79375e963446ff25df371c9ab137d7ba464180115f37f05afc610b8e0a595",
      "dependencies": [
        "jsr:@logtape/logtape@0.9"
      ]
    },
    "@logtape/logtape@0.9.0": {
      "integrity": "aacdeb0e040e5723021bef8b9b8c03ad7cffb5e2146a0024c30814930f6e7c89"
    },
    "@std/cli@1.0.12": {
      "integrity": "e5cfb7814d189da174ecd7a34fbbd63f3513e24a1b307feb2fcd5da47a070d90"
    },
    "@svefro/win-console-window-state@0.2.1": {
      "integrity": "19ffcaba347e59fde9bb0471fab5b2626f5d8d16bc2ac45e993497ed3036bb83"
    }
  },
  "npm": {
    "@chialab/esbuild-plugin-meta-url@0.18.2": {
      "integrity": "sha512-uIRIdLvYnw5mLrTRXY0BTgeZx6ANL2/OHkWFl8FaiTYNb7cyXmwEDRE1mh6kBXPRPtGuqv6XSpNX+koEkElu4g==",
      "dependencies": [
        "@chialab/esbuild-rna",
        "@chialab/estransform",
        "mime-types"
      ]
    },
    "@chialab/esbuild-rna@0.18.2": {
      "integrity": "sha512-ckzskez7bxstVQ4c5cxbx0DRP2teldzrcSGQl2KPh1VJGdO2ZmRrb6vNkBBD5K3dx9tgTyvskWp4dV+Fbg07Ag==",
      "dependencies": [
        "@chialab/estransform",
        "@chialab/node-resolve"
      ]
    },
    "@chialab/estransform@0.18.1": {
      "integrity": "sha512-W/WmjpQL2hndD0/XfR0FcPBAUj+aLNeoAVehOjV/Q9bSnioz0GVSAXXhzp59S33ZynxJBBfn8DNiMTVNJmk4Aw==",
      "dependencies": [
        "@parcel/source-map"
      ]
    },
    "@chialab/node-resolve@0.18.0": {
      "integrity": "sha512-eV1m70Qn9pLY9xwFmZ2FlcOzwiaUywsJ7NB/ud8VB7DouvCQtIHkQ3Om7uPX0ojXGEG1LCyO96kZkvbNTxNu0Q=="
    },
    "@hono/node-server@1.14.1_hono@4.7.6": {
      "integrity": "sha512-vmbuM+HPinjWzPe7FFPWMMQMsbKE9gDPhaH0FFdqbGpkT5lp++tcWDTxwBl5EgS5y6JVgIaCdjeHRfQ4XRBRjQ==",
      "dependencies": [
        "hono"
      ]
    },
    "@logtape/file@0.9.0": {
      "integrity": "sha512-ipZAyEbAEggOej2QPj2oF4h95gzPzIamQWZyBMuzZV0h+fthEDZrgp3UdZ4Cdvl1rzuLoU5nRx7h4iiJVFltQw=="
    },
    "@logtape/logtape@0.9.0": {
      "integrity": "sha512-e4IlinGvjzp/+nSvsXB1OPSYNiuVEEJy8aMQqbveTcJoLVRsJK7nH0xVh/EdNTjRBoioJbUT/jzxaAifxf1VyA=="
    },
    "@parcel/source-map@2.1.1": {
      "integrity": "sha512-Ejx1P/mj+kMjQb8/y5XxDUn4reGdr+WyKYloBljpppUy8gs42T+BNoEOuRYqDVdgPc6NxduzIDoJS9pOFfV5Ew==",
      "dependencies": [
        "detect-libc"
      ]
    },
    "@tsconfig/node23@23.0.1": {
      "integrity": "sha512-oJ0Y42TmsBLuLAfEbPTS5JXSbJJEEU4bULROS6zsL54Gdlw5aOy27rpsquotMKGf2auP6rkbfYsjl43WdGrNcg=="
    },
    "@types/node-notifier@8.0.5": {
      "integrity": "sha512-LX7+8MtTsv6szumAp6WOy87nqMEdGhhry/Qfprjm1Ma6REjVzeF7SCyvPtp5RaF6IkXCS9V4ra8g5fwvf2ZAYg==",
      "dependencies": [
        "@types/node@22.12.0"
      ]
    },
    "@types/node@22.12.0": {
      "integrity": "sha512-Fll2FZ1riMjNmlmJOdAyY5pUbkftXslB5DgEzlIuNaiWhXd00FhWxVC/r4yV/4wBb9JfImTu+jiSvXTkJ7F/gA==",
      "dependencies": [
        "undici-types@6.20.0"
      ]
    },
    "@types/node@22.14.1": {
      "integrity": "sha512-u0HuPQwe/dHrItgHHpmw3N2fYCR6x4ivMNbPHRkBVP4CvN+kiRrKHWk3i8tXiO/joPwXLMYvF9TTF0eqgHIuOw==",
      "dependencies": [
        "undici-types@6.21.0"
      ]
    },
    "@valibot/to-json-schema@1.0.0_valibot@1.0.0": {
      "integrity": "sha512-/9crJgPptVsGCL6X+JPDQyaJwkalSZ/52WuF8DiRUxJgcmpNdzYRfZ+gqMEP8W3CTVfuMWPqqvIgfwJ97f9Etw==",
      "dependencies": [
        "valibot"
      ]
    },
    "@vue/reactivity@3.5.13": {
      "integrity": "sha512-NaCwtw8o48B9I6L1zl2p41OHo/2Z4wqYGGIK1Khu5T7yxrn+ATOixn/Udn2m+6kZKB/J7cuT9DbWWhRxqixACg==",
      "dependencies": [
        "@vue/shared"
      ]
    },
    "@vue/shared@3.5.13": {
      "integrity": "sha512-/hnE/qP5ZoGpol0a5mDi45bOd7t3tjYJBjsgCsivow7D48cJeV5l05RD82lPqi7gRiphZM37rnhW1l6ZoCNNnQ=="
    },
    "@xan105/error@1.7.1": {
      "integrity": "sha512-FYIUYijbmg62L9QQ5BsR14DuZatAJJvwo10yzuEDEsu8L0FAa4DZivWFAf66nYjEiSz50SFGtMxWSyG+y/ZGGw=="
    },
    "@xan105/fs@2.3.0": {
      "integrity": "sha512-9ibTdG8ZFYBn6rdBL3Dq+BikN2V1zxNXRGxWUUsBzA/zXazPSrEs4bURzURv5m6z+o6VzbKEu+prtLefJTntDQ==",
      "dependencies": [
        "@xan105/error",
        "@xan105/is"
      ]
    },
    "@xan105/is@2.10.1": {
      "integrity": "sha512-FKgDE2tSyJwvf+zIeAsN/f8l94CYhhu5LtkLhv/gYX1i5DnfGdCys0N+mxxTb1qMhWPw+ekHGcwflv0x8ATPJQ==",
      "dependencies": [
        "@xan105/error"
      ]
    },
    "detect-libc@1.0.3": {
      "integrity": "sha512-pGjwhsmsp4kL2RTz08wcOlGN83otlqHeD/Z5T8GXZB+/YcpQ/dgo+lbU8ZsGxV0HIvqqxo9l7mqYwyYMD9bKDg=="
    },
    "devalue@5.1.1": {
      "integrity": "sha512-maua5KUiapvEwiEAe+XnlZ3Rh0GD+qI1J/nb9vrJc3muPXvcF/8gXYTWF76+5DAqHyDUtOIImEuo0YKE9mshVw=="
    },
    "growly@1.3.0": {
      "integrity": "sha512-+xGQY0YyAWCnqy7Cd++hc2JqMYzlm0dG30Jd0beaA64sROr8C4nt8Yc9V5Ro3avlSUDTN0ulqP/VBKi1/lLygw=="
    },
    "hono@4.7.6": {
      "integrity": "sha512-564rVzELU+9BRqqx5k8sT2NFwGD3I3Vifdb6P7CmM6FiarOSY+fDC+6B+k9wcCb86ReoayteZP2ki0cRLN1jbw=="
    },
    "is-docker@2.2.1": {
      "integrity": "sha512-F+i2BKsFrH66iaUFc0woD8sLy8getkwTwtOBjvs56Cx4CgJDeKQeqfz8wAYiSb8JOprWhHH5p77PbmYCvvUuXQ=="
    },
    "is-wsl@2.2.0": {
      "integrity": "sha512-fKzAra0rGJUUBwGBgNkHZuToZcn+TtXHpeCgmkMJMMYx1sQDYaCSyjJBSCa2nH1DGm7s3n1oBnohoVTBaN7Lww==",
      "dependencies": [
        "is-docker"
      ]
    },
    "isexe@2.0.0": {
      "integrity": "sha512-RHxMLp9lnKHGHRng9QFhRCMbYAcVpn69smSGcq3f36xjgVVWThj4qqLbTLlq7Ssj8B+fIQ1EuCEGI2lKsyQeIw=="
    },
    "jsonc-parser@3.3.1": {
      "integrity": "sha512-HUgH65KyejrUFPvHFPbqOY0rsFip3Bo5wb4ngvdi1EpCYWUQDC5V+Y7mZws+DLkr4M//zQJoanu1SP+87Dv1oQ=="
    },
    "mime-db@1.52.0": {
      "integrity": "sha512-sPU4uV7dYlvtWJxwwxHD0PuihVNiE7TyAbQ5SWxDCB9mUYvOgroQOwYQQOKPJ8CIbE+1ETVlOoK1UC2nU3gYvg=="
    },
    "mime-types@2.1.35": {
      "integrity": "sha512-ZDY+bPm5zTTF+YpCrAU9nK0UgICYPT0QtT1NZWFv4s++TNkcgVaT0g6+4R2uI4MjQjzysHB1zxuWL50hzaeXiw==",
      "dependencies": [
        "mime-db"
      ]
    },
    "node-notifier@10.0.1": {
      "integrity": "sha512-YX7TSyDukOZ0g+gmzjB6abKu+hTGvO8+8+gIFDsRCU2t8fLV/P2unmt+LGFaIa4y64aX98Qksa97rgz4vMNeLQ==",
      "dependencies": [
        "growly",
        "is-wsl",
        "semver",
        "shellwords",
        "uuid",
        "which"
      ]
    },
    "powertoast@3.0.0": {
      "integrity": "sha512-nlGnBkMchJS6P4uQgjROpzHs72WqgB6cYP7hDFACXOZUSu2lXgDqJ5fKt2B/53jO+UynVlbhAQHHQvSOLUAUmQ==",
      "dependencies": [
        "@xan105/error",
        "@xan105/fs",
        "@xan105/is"
      ]
    },
    "semver@7.7.1": {
      "integrity": "sha512-hlq8tAfn0m/61p4BVRcPzIGr6LKiMwo4VM6dGi6pt4qcRkmNzTcWq6eCEjEh+qXjkMDvPlOFFSGwQjoEa6gyMA=="
    },
    "shellwords@0.1.1": {
      "integrity": "sha512-vFwSUfQvqybiICwZY5+DAWIPLKsWO31Q91JSKl3UYv+K5c2QRPzn0qzec6QPu1Qc9eHYItiP3NdJqNVqetYAww=="
    },
    "sift@17.1.3": {
      "integrity": "sha512-Rtlj66/b0ICeFzYTuNvX/EF1igRbbnGSvEyT79McoZa/DeGhMyC5pWKOEsZKnpkqtSeovd5FL/bjHWC3CIIvCQ=="
    },
    "tiny-jsonc@1.0.2": {
      "integrity": "sha512-f5QDAfLq6zIVSyCZQZhhyl0QS6MvAyTxgz4X4x3+EoCktNWEYJ6PeoEA97fyb98njpBNNi88ybpD7m+BDFXaCw=="
    },
    "type-fest@4.39.1": {
      "integrity": "sha512-uW9qzd66uyHYxwyVBYiwS4Oi0qZyUqwjU+Oevr6ZogYiXt99EOYtwvzMSLw1c3lYo2HzJsep/NB23iEVEgjG/w=="
    },
    "undici-types@6.20.0": {
      "integrity": "sha512-Ny6QZ2Nju20vw1SRHe3d9jVu6gJ+4e3+MMpqu7pqE5HT6WsTSlce++GQmK5UXS8mzV8DSYHrQH+Xrf2jVcuKNg=="
    },
    "undici-types@6.21.0": {
      "integrity": "sha512-iwDZqg0QAGrg9Rav5H4n0M64c3mkR59cJ6wQp+7C4nI0gsmExaedaYLNO44eT4AtBBwjbTiGPMlt2Md0T9H9JQ=="
    },
    "uuid@8.3.2": {
      "integrity": "sha512-+NYs2QeMWy+GWFOEm9xnn6HCDp0l7QBD7ml8zLUmJ+93Q5NF0NocErnwkTkXVFNiX3/fpC6afS8Dhb/gz7R7eg=="
    },
    "valibot@1.0.0": {
      "integrity": "sha512-1Hc0ihzWxBar6NGeZv7fPLY0QuxFMyxwYR2sF1Blu7Wq7EnremwY2W02tit2ij2VJT8HcSkHAQqmFfl77f73Yw=="
    },
    "which@2.0.2": {
      "integrity": "sha512-BLI3Tl1TW3Pvl70l3yq3Y64i+awpwXqsGBYWkkqMtnbXgrMD+yj7rhW0kuEDxzJaYXGjEW5ogapKNMEKNMjibA==",
      "dependencies": [
        "isexe"
      ]
    }
  },
  "workspace": {
    "dependencies": [
      "npm:@logtape/logtape@0.9",
      "npm:@valibot/to-json-schema@1",
      "npm:@vue/reactivity@^3.5.13",
      "npm:devalue@^5.1.1",
      "npm:hono@^4.7.5",
      "npm:jsonc-parser@^3.3.1",
      "npm:node-notifier@^10.0.1",
      "npm:powertoast@3",
      "npm:semver@^7.7.1",
      "npm:sift@^17.1.3",
      "npm:tiny-jsonc@^1.0.2",
      "npm:type-fest@^4.39.1",
      "npm:valibot@1"
    ]
  }
}
